
Microsoft Visual Studio Solution File, Format Version 12.00
# Visual Studio Version 17
VisualStudioVersion = 17.5.002.0
MinimumVisualStudioVersion = 10.0.40219.1
Project("{9A19103F-16F7-4668-BE54-9A1E7A4F7556}") = "OMUS", "OMUS.csproj", "{73E45D0E-580A-42FA-A08B-E8F3F4DB9356}"
EndProject
Global
	GlobalSection(SolutionConfigurationPlatforms) = preSolution
		Debug|Any CPU = Debug|Any CPU
		Release|Any CPU = Release|Any CPU
	EndGlobalSection
	GlobalSection(ProjectConfigurationPlatforms) = postSolution
		{73E45D0E-580A-42FA-A08B-E8F3F4DB9356}.Debug|Any CPU.ActiveCfg = Debug|Any CPU
		{73E45D0E-580A-42FA-A08B-E8F3F4DB9356}.Debug|Any CPU.Build.0 = Debug|Any CPU
		{73E45D0E-580A-42FA-A08B-E8F3F4DB9356}.Release|Any CPU.ActiveCfg = Release|Any CPU
		{73E45D0E-580A-42FA-A08B-E8F3F4DB9356}.Release|Any CPU.Build.0 = Release|Any CPU
	EndGlobalSection
	GlobalSection(SolutionProperties) = preSolution
		HideSolutionNode = FALSE
	EndGlobalSection
	GlobalSection(ExtensibilityGlobals) = postSolution
		SolutionGuid = {BE582BFD-DDCE-40FD-9D49-AFCEE2E43D55}
	EndGlobalSection
EndGlobal
